
Microsoft Visual Studio Solution File, Format Version 12.00
# Visual Studio 15
VisualStudioVersion = 15.0.27703.2035
MinimumVisualStudioVersion = 10.0.40219.1
Project("{FAE04EC0-301F-11D3-BF4B-00C04F79EFBC}") = "WebApp", "WebApplication3\WebApp.csproj", "{854964EB-FD0C-403B-A95B-DD8E5CA61E6F}"
EndProject
Project("{FAE04EC0-301F-11D3-BF4B-00C04F79EFBC}") = "PDFTransfer", "..\PDFTransfer\PDFTransfer\PDFTransfer.csproj", "{362AAE92-8338-44E8-8E62-9596E3E32BAA}"
EndProject
Project("{FAE04EC0-301F-11D3-BF4B-00C04F79EFBC}") = "Framework", "Framework\Framework.csproj", "{F722980E-169E-4D65-B400-E44AD45BDBA7}"
EndProject
Global
	GlobalSection(SolutionConfigurationPlatforms) = preSolution
		Debug|Any CPU = Debug|Any CPU
		Release|Any CPU = Release|Any CPU
	EndGlobalSection
	GlobalSection(ProjectConfigurationPlatforms) = postSolution
		{854964EB-FD0C-403B-A95B-DD8E5CA61E6F}.Debug|Any CPU.ActiveCfg = Debug|Any CPU
		{854964EB-FD0C-403B-A95B-DD8E5CA61E6F}.Debug|Any CPU.Build.0 = Debug|Any CPU
		{854964EB-FD0C-403B-A95B-DD8E5CA61E6F}.Release|Any CPU.ActiveCfg = Release|Any CPU
		{854964EB-FD0C-403B-A95B-DD8E5CA61E6F}.Release|Any CPU.Build.0 = Release|Any CPU
		{362AAE92-8338-44E8-8E62-9596E3E32BAA}.Debug|Any CPU.ActiveCfg = Debug|Any CPU
		{362AAE92-8338-44E8-8E62-9596E3E32BAA}.Debug|Any CPU.Build.0 = Debug|Any CPU
		{362AAE92-8338-44E8-8E62-9596E3E32BAA}.Release|Any CPU.ActiveCfg = Release|Any CPU
		{362AAE92-8338-44E8-8E62-9596E3E32BAA}.Release|Any CPU.Build.0 = Release|Any CPU
		{F722980E-169E-4D65-B400-E44AD45BDBA7}.Debug|Any CPU.ActiveCfg = Debug|Any CPU
		{F722980E-169E-4D65-B400-E44AD45BDBA7}.Debug|Any CPU.Build.0 = Debug|Any CPU
		{F722980E-169E-4D65-B400-E44AD45BDBA7}.Release|Any CPU.ActiveCfg = Release|Any CPU
		{F722980E-169E-4D65-B400-E44AD45BDBA7}.Release|Any CPU.Build.0 = Release|Any CPU
	EndGlobalSection
	GlobalSection(SolutionProperties) = preSolution
		HideSolutionNode = FALSE
	EndGlobalSection
	GlobalSection(ExtensibilityGlobals) = postSolution
		SolutionGuid = {5988E880-467B-4FD4-B518-7B80CEC7A75F}
	EndGlobalSection
EndGlobal
